{
  "name": "booking.com",
  "version": "0.1.0",
  "lockfileVersion": 1,
  "requires": true,
  "dependencies": {
    "@fortawesome/fontawesome-common-types": {
      "version": "0.2.17",
      "resolved": "https://registry.npmjs.org/@fortawesome/fontawesome-common-types/-/fontawesome-common-types-0.2.17.tgz",
      "integrity": "sha512-DEYsEb/iiGVoMPQGjhG2uOylLVuMzTxOxysClkabZ5n80Q3oFDWGnshCLKvOvKoeClsgmKhWVrnnqvsMI1cAbw=="
    },
    "@fortawesome/fontawesome-svg-core": {
      "version": "1.2.17",
      "resolved": "https://registry.npmjs.org/@fortawesome/fontawesome-svg-core/-/fontawesome-svg-core-1.2.17.tgz",
      "integrity": "sha512-TORMW/wIX2QyyGBd4XwHGPir4/0U18Wxf+iDBAUW3EIJ0/VC/ZMpJOiyiCe1f8g9h0PPzA7sqVtl8JtTUtm4uA==",
      "requires": {
        "@fortawesome/fontawesome-common-types": "0.2.17"
      }
    },
    "@fortawesome/free-solid-svg-icons": {
      "version": "5.8.1",
      "resolved": "https://registry.npmjs.org/@fortawesome/free-solid-svg-icons/-/free-solid-svg-icons-5.8.1.tgz",
      "integrity": "sha512-FUcxR75PtMOo3ihRHJOZz64IsWIVdWgB2vCMLJjquTv487wVVCMH5H5gWa72et2oI9lKKD2jvjQ+y+7mxhscVQ==",
      "requires": {
        "@fortawesome/fontawesome-common-types": "0.2.17"
      }
    },
    "@fortawesome/vue-fontawesome": {
      "version": "0.1.6",
      "resolved": "https://registry.npmjs.org/@fortawesome/vue-fontawesome/-/vue-fontawesome-0.1.6.tgz",
      "integrity": "sha512-HAGRbrOuGDwwUmCYdpzR0hhNQ3EE30dOS4JiJKcoZ+S4M210CxyU0OXCgzIg3HzK/23rlpHbV8zi9PDDZDnuIw=="
    }
  }
}
