{
  "name": "booking.com",
  "version": "0.1.0",
  "lockfileVersion": 1,
  "requires": true,
  "dependencies": {
    "@fortawesome/fontawesome-common-types": {
      "version": "0.2.17",
      "resolved": "https://registry.npmjs.org/@fortawesome/fontawesome-common-types/-/fontawesome-common-types-0.2.17.tgz",
      "integrity": "sha512-DEYsEb/iiGVoMPQGjhG2uOylLVuMzTxOxysClkabZ5n80Q3oFDWGnshCLKvOvKoeClsgmKhWVrnnqvsMI1cAbw=="
    },
    "@fortawesome/fontawesome-svg-core": {
      "version": "1.2.17",
      "resolved": "https://registry.npmjs.org/@fortawesome/fontawesome-svg-core/-/fontawesome-svg-core-1.2.17.tgz",
      "integrity": "sha512-TORMW/wIX2QyyGBd4XwHGPir4/0U18Wxf+iDBAUW3EIJ0/VC/ZMpJOiyiCe1f8g9h0PPzA7sqVtl8JtTUtm4uA==",
      "requires": {
        "@fortawesome/fontawesome-common-types": "^0.2.17"
      }
    },
    "@fortawesome/free-solid-svg-icons": {
      "version": "5.8.1",
      "resolved": "https://registry.npmjs.org/@fortawesome/free-solid-svg-icons/-/free-solid-svg-icons-5.8.1.tgz",
      "integrity": "sha512-FUcxR75PtMOo3ihRHJOZz64IsWIVdWgB2vCMLJjquTv487wVVCMH5H5gWa72et2oI9lKKD2jvjQ+y+7mxhscVQ==",
      "requires": {
        "@fortawesome/fontawesome-common-types": "^0.2.17"
      }
    },
    "@fortawesome/vue-fontawesome": {
      "version": "0.1.6",
      "resolved": "https://registry.npmjs.org/@fortawesome/vue-fontawesome/-/vue-fontawesome-0.1.6.tgz",
      "integrity": "sha512-HAGRbrOuGDwwUmCYdpzR0hhNQ3EE30dOS4JiJKcoZ+S4M210CxyU0OXCgzIg3HzK/23rlpHbV8zi9PDDZDnuIw=="
    },
    "dom7": {
      "version": "2.1.3",
      "resolved": "https://registry.npmjs.org/dom7/-/dom7-2.1.3.tgz",
      "integrity": "sha512-QTxHHDox+M6ZFz1zHPAHZKI3JOHY5iY4i9BK2uctlggxKQwRhO3q3HHFq1BKsT25Bm/ySSj70K6Wk/G4bs9rMQ==",
      "requires": {
        "ssr-window": "^1.0.1"
      }
    },
    "object-assign": {
      "version": "4.1.1",
      "resolved": "https://registry.npmjs.org/object-assign/-/object-assign-4.1.1.tgz",
      "integrity": "sha1-IQmtx5ZYh8/AXLvUQsrIv7s2CGM="
    },
    "ssr-window": {
      "version": "1.0.1",
      "resolved": "https://registry.npmjs.org/ssr-window/-/ssr-window-1.0.1.tgz",
      "integrity": "sha512-dgFqB+f00LJTEgb6UXhx0h+SrG50LJvti2yMKMqAgzfUmUXZrLSv2fjULF7AWGwK25EXu8+smLR3jYsJQChPsg=="
    },
    "swiper": {
      "version": "4.5.0",
      "resolved": "https://registry.npmjs.org/swiper/-/swiper-4.5.0.tgz",
      "integrity": "sha512-jRCd/CGet9kaHwthHdd/sL/YU8CI157PWLyItnIcn/o/jP4haVky3zTF6f9F3JDpmQIw7jdWihISiYx0/oTHsg==",
      "requires": {
        "dom7": "^2.1.3",
        "ssr-window": "^1.0.1"
      }
    },
    "vue-awesome-swiper": {
      "version": "3.1.3",
      "resolved": "https://registry.npmjs.org/vue-awesome-swiper/-/vue-awesome-swiper-3.1.3.tgz",
      "integrity": "sha512-E7suzkyApO8vNZbgdEnjSmnpsmQZyRvSVXJ7sey3XYwKPOkLhH3+GnHroBw+5PZIQXvWBwdCeQsPG1xQ1r1Rhg==",
      "requires": {
        "object-assign": "^4.1.1",
        "swiper": "^4.0.7"
      }
    }
  }
}
